// !$*UTF8*$!
{
	archiveVersion = 1;
	classes = {
	};
	objectVersion = 55;
	objects = {

/* Begin PBXBuildFile section */
		33180249277081AD00F6F58D /* Tests_iOS.swift in Sources */ = {isa = PBXBuildFile; fileRef = 33180248277081AD00F6F58D /* Tests_iOS.swift */; };
		3318024B277081AD00F6F58D /* Tests_iOSLaunchTests.swift in Sources */ = {isa = PBXBuildFile; fileRef = 3318024A277081AD00F6F58D /* Tests_iOSLaunchTests.swift */; };
		33180255277081AD00F6F58D /* Tests_macOS.swift in Sources */ = {isa = PBXBuildFile; fileRef = 33180254277081AD00F6F58D /* Tests_macOS.swift */; };
		33180257277081AD00F6F58D /* Tests_macOSLaunchTests.swift in Sources */ = {isa = PBXBuildFile; fileRef = 33180256277081AD00F6F58D /* Tests_macOSLaunchTests.swift */; };
		33180258277081AD00F6F58D /* SampleAppOfTCAApp.swift in Sources */ = {isa = PBXBuildFile; fileRef = 33180230277081AC00F6F58D /* SampleAppOfTCAApp.swift */; };
		33180259277081AD00F6F58D /* SampleAppOfTCAApp.swift in Sources */ = {isa = PBXBuildFile; fileRef = 33180230277081AC00F6F58D /* SampleAppOfTCAApp.swift */; };
		3318025A277081AD00F6F58D /* RootView.swift in Sources */ = {isa = PBXBuildFile; fileRef = 33180231277081AC00F6F58D /* RootView.swift */; };
		3318025B277081AD00F6F58D /* RootView.swift in Sources */ = {isa = PBXBuildFile; fileRef = 33180231277081AC00F6F58D /* RootView.swift */; };
		3318025C277081AD00F6F58D /* Assets.xcassets in Resources */ = {isa = PBXBuildFile; fileRef = 33180232277081AD00F6F58D /* Assets.xcassets */; };
		3318025D277081AD00F6F58D /* Assets.xcassets in Resources */ = {isa = PBXBuildFile; fileRef = 33180232277081AD00F6F58D /* Assets.xcassets */; };
		3318026E2770825A00F6F58D /* ComposableArchitecture in Frameworks */ = {isa = PBXBuildFile; productRef = 3318026D2770825A00F6F58D /* ComposableArchitecture */; };
		331802702770826F00F6F58D /* Custom.swift in Sources */ = {isa = PBXBuildFile; fileRef = 3318026F2770826F00F6F58D /* Custom.swift */; };
		331802712770826F00F6F58D /* Custom.swift in Sources */ = {isa = PBXBuildFile; fileRef = 3318026F2770826F00F6F58D /* Custom.swift */; };
		331802732770A4E100F6F58D /* Counter.swift in Sources */ = {isa = PBXBuildFile; fileRef = 331802722770A4E100F6F58D /* Counter.swift */; };
		331802742770A4E100F6F58D /* Counter.swift in Sources */ = {isa = PBXBuildFile; fileRef = 331802722770A4E100F6F58D /* Counter.swift */; };
		3320231F2770D35F0031BAC8 /* TwoCounters.swift in Sources */ = {isa = PBXBuildFile; fileRef = 3320231E2770D35F0031BAC8 /* TwoCounters.swift */; };
		332023202770D35F0031BAC8 /* TwoCounters.swift in Sources */ = {isa = PBXBuildFile; fileRef = 3320231E2770D35F0031BAC8 /* TwoCounters.swift */; };
		33B93D882771DE7E0039FA9E /* OptionalState.swift in Sources */ = {isa = PBXBuildFile; fileRef = 33B93D872771DE7D0039FA9E /* OptionalState.swift */; };
		33B93D892771DE7E0039FA9E /* OptionalState.swift in Sources */ = {isa = PBXBuildFile; fileRef = 33B93D872771DE7D0039FA9E /* OptionalState.swift */; };
		33B93D8B2773385D0039FA9E /* Core.swift in Sources */ = {isa = PBXBuildFile; fileRef = 33B93D8A2773385D0039FA9E /* Core.swift */; };
		33B93D8C2773385D0039FA9E /* Core.swift in Sources */ = {isa = PBXBuildFile; fileRef = 33B93D8A2773385D0039FA9E /* Core.swift */; };
/* End PBXBuildFile section */

/* Begin PBXContainerItemProxy section */
		33180245277081AD00F6F58D /* PBXContainerItemProxy */ = {
			isa = PBXContainerItemProxy;
			containerPortal = 3318022B277081AC00F6F58D /* Project object */;
			proxyType = 1;
			remoteGlobalIDString = 33180236277081AD00F6F58D;
			remoteInfo = "SampleAppOfTCA (iOS)";
		};
		33180251277081AD00F6F58D /* PBXContainerItemProxy */ = {
			isa = PBXContainerItemProxy;
			containerPortal = 3318022B277081AC00F6F58D /* Project object */;
			proxyType = 1;
			remoteGlobalIDString = 3318023C277081AD00F6F58D;
			remoteInfo = "SampleAppOfTCA (macOS)";
		};
/* End PBXContainerItemProxy section */

/* Begin PBXFileReference section */
		33180230277081AC00F6F58D /* SampleAppOfTCAApp.swift */ = {isa = PBXFileReference; lastKnownFileType = sourcecode.swift; path = SampleAppOfTCAApp.swift; sourceTree = "<group>"; };
		33180231277081AC00F6F58D /* RootView.swift */ = {isa = PBXFileReference; lastKnownFileType = sourcecode.swift; path = RootView.swift; sourceTree = "<group>"; };
		33180232277081AD00F6F58D /* Assets.xcassets */ = {isa = PBXFileReference; lastKnownFileType = folder.assetcatalog; path = Assets.xcassets; sourceTree = "<group>"; };
		33180237277081AD00F6F58D /* SampleAppOfTCA.app */ = {isa = PBXFileReference; explicitFileType = wrapper.application; includeInIndex = 0; path = SampleAppOfTCA.app; sourceTree = BUILT_PRODUCTS_DIR; };
		3318023D277081AD00F6F58D /* SampleAppOfTCA.app */ = {isa = PBXFileReference; explicitFileType = wrapper.application; includeInIndex = 0; path = SampleAppOfTCA.app; sourceTree = BUILT_PRODUCTS_DIR; };
		3318023F277081AD00F6F58D /* macOS.entitlements */ = {isa = PBXFileReference; lastKnownFileType = text.plist.entitlements; path = macOS.entitlements; sourceTree = "<group>"; };
		33180244277081AD00F6F58D /* Tests iOS.xctest */ = {isa = PBXFileReference; explicitFileType = wrapper.cfbundle; includeInIndex = 0; path = "Tests iOS.xctest"; sourceTree = BUILT_PRODUCTS_DIR; };
		33180248277081AD00F6F58D /* Tests_iOS.swift */ = {isa = PBXFileReference; lastKnownFileType = sourcecode.swift; path = Tests_iOS.swift; sourceTree = "<group>"; };
		3318024A277081AD00F6F58D /* Tests_iOSLaunchTests.swift */ = {isa = PBXFileReference; lastKnownFileType = sourcecode.swift; path = Tests_iOSLaunchTests.swift; sourceTree = "<group>"; };
		33180250277081AD00F6F58D /* Tests macOS.xctest */ = {isa = PBXFileReference; explicitFileType = wrapper.cfbundle; includeInIndex = 0; path = "Tests macOS.xctest"; sourceTree = BUILT_PRODUCTS_DIR; };
		33180254277081AD00F6F58D /* Tests_macOS.swift */ = {isa = PBXFileReference; lastKnownFileType = sourcecode.swift; path = Tests_macOS.swift; sourceTree = "<group>"; };
		33180256277081AD00F6F58D /* Tests_macOSLaunchTests.swift */ = {isa = PBXFileReference; lastKnownFileType = sourcecode.swift; path = Tests_macOSLaunchTests.swift; sourceTree = "<group>"; };
		3318026F2770826F00F6F58D /* Custom.swift */ = {isa = PBXFileReference; lastKnownFileType = sourcecode.swift; path = Custom.swift; sourceTree = "<group>"; };
		331802722770A4E100F6F58D /* Counter.swift */ = {isa = PBXFileReference; lastKnownFileType = sourcecode.swift; path = Counter.swift; sourceTree = "<group>"; };
		3320231E2770D35F0031BAC8 /* TwoCounters.swift */ = {isa = PBXFileReference; lastKnownFileType = sourcecode.swift; path = TwoCounters.swift; sourceTree = "<group>"; };
		33B93D872771DE7D0039FA9E /* OptionalState.swift */ = {isa = PBXFileReference; lastKnownFileType = sourcecode.swift; path = OptionalState.swift; sourceTree = "<group>"; };
		33B93D8A2773385D0039FA9E /* Core.swift */ = {isa = PBXFileReference; lastKnownFileType = sourcecode.swift; path = Core.swift; sourceTree = "<group>"; };
/* End PBXFileReference section */

/* Begin PBXFrameworksBuildPhase section */
		33180234277081AD00F6F58D /* Frameworks */ = {
			isa = PBXFrameworksBuildPhase;
			buildActionMask = 2147483647;
			files = (
				3318026E2770825A00F6F58D /* ComposableArchitecture in Frameworks */,
			);
			runOnlyForDeploymentPostprocessing = 0;
		};
		3318023A277081AD00F6F58D /* Frameworks */ = {
			isa = PBXFrameworksBuildPhase;
			buildActionMask = 2147483647;
			files = (
			);
			runOnlyForDeploymentPostprocessing = 0;
		};
		33180241277081AD00F6F58D /* Frameworks */ = {
			isa = PBXFrameworksBuildPhase;
			buildActionMask = 2147483647;
			files = (
			);
			runOnlyForDeploymentPostprocessing = 0;
		};
		3318024D277081AD00F6F58D /* Frameworks */ = {
			isa = PBXFrameworksBuildPhase;
			buildActionMask = 2147483647;
			files = (
			);
			runOnlyForDeploymentPostprocessing = 0;
		};
/* End PBXFrameworksBuildPhase section */

/* Begin PBXGroup section */
		3318022A277081AC00F6F58D = {
			isa = PBXGroup;
			children = (
				3318022F277081AC00F6F58D /* Shared */,
				3318023E277081AD00F6F58D /* macOS */,
				33180247277081AD00F6F58D /* Tests iOS */,
				33180253277081AD00F6F58D /* Tests macOS */,
				33180238277081AD00F6F58D /* Products */,
			);
			sourceTree = "<group>";
		};
		3318022F277081AC00F6F58D /* Shared */ = {
			isa = PBXGroup;
			children = (
				33180230277081AC00F6F58D /* SampleAppOfTCAApp.swift */,
				33B93D8A2773385D0039FA9E /* Core.swift */,
				33180231277081AC00F6F58D /* RootView.swift */,
				3318026F2770826F00F6F58D /* Custom.swift */,
				331802722770A4E100F6F58D /* Counter.swift */,
				3320231E2770D35F0031BAC8 /* TwoCounters.swift */,
				33B93D872771DE7D0039FA9E /* OptionalState.swift */,
				33180232277081AD00F6F58D /* Assets.xcassets */,
			);
			path = Shared;
			sourceTree = "<group>";
		};
		33180238277081AD00F6F58D /* Products */ = {
			isa = PBXGroup;
			children = (
				33180237277081AD00F6F58D /* SampleAppOfTCA.app */,
				3318023D277081AD00F6F58D /* SampleAppOfTCA.app */,
				33180244277081AD00F6F58D /* Tests iOS.xctest */,
				33180250277081AD00F6F58D /* Tests macOS.xctest */,
			);
			name = Products;
			sourceTree = "<group>";
		};
		3318023E277081AD00F6F58D /* macOS */ = {
			isa = PBXGroup;
			children = (
				3318023F277081AD00F6F58D /* macOS.entitlements */,
			);
			path = macOS;
			sourceTree = "<group>";
		};
		33180247277081AD00F6F58D /* Tests iOS */ = {
			isa = PBXGroup;
			children = (
				33180248277081AD00F6F58D /* Tests_iOS.swift */,
				3318024A277081AD00F6F58D /* Tests_iOSLaunchTests.swift */,
			);
			path = "Tests iOS";
			sourceTree = "<group>";
		};
		33180253277081AD00F6F58D /* Tests macOS */ = {
			isa = PBXGroup;
			children = (
				33180254277081AD00F6F58D /* Tests_macOS.swift */,
				33180256277081AD00F6F58D /* Tests_macOSLaunchTests.swift */,
			);
			path = "Tests macOS";
			sourceTree = "<group>";
		};
/* End PBXGroup section */

/* Begin PBXNativeTarget section */
		33180236277081AD00F6F58D /* SampleAppOfTCA (iOS) */ = {
			isa = PBXNativeTarget;
			buildConfigurationList = 33180260277081AD00F6F58D /* Build configuration list for PBXNativeTarget "SampleAppOfTCA (iOS)" */;
			buildPhases = (
				33180233277081AD00F6F58D /* Sources */,
				33180234277081AD00F6F58D /* Frameworks */,
				33180235277081AD00F6F58D /* Resources */,
			);
			buildRules = (
			);
			dependencies = (
			);
			name = "SampleAppOfTCA (iOS)";
			packageProductDependencies = (
				3318026D2770825A00F6F58D /* ComposableArchitecture */,
			);
			productName = "SampleAppOfTCA (iOS)";
			productReference = 33180237277081AD00F6F58D /* SampleAppOfTCA.app */;
			productType = "com.apple.product-type.application";
		};
		3318023C277081AD00F6F58D /* SampleAppOfTCA (macOS) */ = {
			isa = PBXNativeTarget;
			buildConfigurationList = 33180263277081AD00F6F58D /* Build configuration list for PBXNativeTarget "SampleAppOfTCA (macOS)" */;
			buildPhases = (
				33180239277081AD00F6F58D /* Sources */,
				3318023A277081AD00F6F58D /* Frameworks */,
				3318023B277081AD00F6F58D /* Resources */,
			);
			buildRules = (
			);
			dependencies = (
			);
			name = "SampleAppOfTCA (macOS)";
			productName = "SampleAppOfTCA (macOS)";
			productReference = 3318023D277081AD00F6F58D /* SampleAppOfTCA.app */;
			productType = "com.apple.product-type.application";
		};
		33180243277081AD00F6F58D /* Tests iOS */ = {
			isa = PBXNativeTarget;
			buildConfigurationList = 33180266277081AD00F6F58D /* Build configuration list for PBXNativeTarget "Tests iOS" */;
			buildPhases = (
				33180240277081AD00F6F58D /* Sources */,
				33180241277081AD00F6F58D /* Frameworks */,
				33180242277081AD00F6F58D /* Resources */,
			);
			buildRules = (
			);
			dependencies = (
				33180246277081AD00F6F58D /* PBXTargetDependency */,
			);
			name = "Tests iOS";
			productName = "Tests iOS";
			productReference = 33180244277081AD00F6F58D /* Tests iOS.xctest */;
			productType = "com.apple.product-type.bundle.ui-testing";
		};
		3318024F277081AD00F6F58D /* Tests macOS */ = {
			isa = PBXNativeTarget;
			buildConfigurationList = 33180269277081AD00F6F58D /* Build configuration list for PBXNativeTarget "Tests macOS" */;
			buildPhases = (
				3318024C277081AD00F6F58D /* Sources */,
				3318024D277081AD00F6F58D /* Frameworks */,
				3318024E277081AD00F6F58D /* Resources */,
			);
			buildRules = (
			);
			dependencies = (
				33180252277081AD00F6F58D /* PBXTargetDependency */,
			);
			name = "Tests macOS";
			productName = "Tests macOS";
			productReference = 33180250277081AD00F6F58D /* Tests macOS.xctest */;
			productType = "com.apple.product-type.bundle.ui-testing";
		};
/* End PBXNativeTarget section */

/* Begin PBXProject section */
		3318022B277081AC00F6F58D /* Project object */ = {
			isa = PBXProject;
			attributes = {
				BuildIndependentTargetsInParallel = 1;
				LastSwiftUpdateCheck = 1310;
				LastUpgradeCheck = 1310;
				TargetAttributes = {
					33180236277081AD00F6F58D = {
						CreatedOnToolsVersion = 13.1;
					};
					3318023C277081AD00F6F58D = {
						CreatedOnToolsVersion = 13.1;
					};
					33180243277081AD00F6F58D = {
						CreatedOnToolsVersion = 13.1;
						TestTargetID = 33180236277081AD00F6F58D;
					};
					3318024F277081AD00F6F58D = {
						CreatedOnToolsVersion = 13.1;
						TestTargetID = 3318023C277081AD00F6F58D;
					};
				};
			};
			buildConfigurationList = 3318022E277081AC00F6F58D /* Build configuration list for PBXProject "SampleAppOfTCA" */;
			compatibilityVersion = "Xcode 13.0";
			developmentRegion = en;
			hasScannedForEncodings = 0;
			knownRegions = (
				en,
				Base,
			);
			mainGroup = 3318022A277081AC00F6F58D;
			packageReferences = (
				3318026C2770825A00F6F58D /* XCRemoteSwiftPackageReference "swift-composable-architecture" */,
			);
			productRefGroup = 33180238277081AD00F6F58D /* Products */;
			projectDirPath = "";
			projectRoot = "";
			targets = (
				33180236277081AD00F6F58D /* SampleAppOfTCA (iOS) */,
				3318023C277081AD00F6F58D /* SampleAppOfTCA (macOS) */,
				33180243277081AD00F6F58D /* Tests iOS */,
				3318024F277081AD00F6F58D /* Tests macOS */,
			);
		};
/* End PBXProject section */

/* Begin PBXResourcesBuildPhase section */
		33180235277081AD00F6F58D /* Resources */ = {
			isa = PBXResourcesBuildPhase;
			buildActionMask = 2147483647;
			files = (
				3318025C277081AD00F6F58D /* Assets.xcassets in Resources */,
			);
			runOnlyForDeploymentPostprocessing = 0;
		};
		3318023B277081AD00F6F58D /* Resources */ = {
			isa = PBXResourcesBuildPhase;
			buildActionMask = 2147483647;
			files = (
				3318025D277081AD00F6F58D /* Assets.xcassets in Resources */,
			);
			runOnlyForDeploymentPostprocessing = 0;
		};
		33180242277081AD00F6F58D /* Resources */ = {
			isa = PBXResourcesBuildPhase;
			buildActionMask = 2147483647;
			files = (
			);
			runOnlyForDeploymentPostprocessing = 0;
		};
		3318024E277081AD00F6F58D /* Resources */ = {
			isa = PBXResourcesBuildPhase;
			buildActionMask = 2147483647;
			files = (
			);
			runOnlyForDeploymentPostprocessing = 0;
		};
/* End PBXResourcesBuildPhase section */

/* Begin PBXSourcesBuildPhase section */
		33180233277081AD00F6F58D /* Sources */ = {
			isa = PBXSourcesBuildPhase;
			buildActionMask = 2147483647;
			files = (
				331802732770A4E100F6F58D /* Counter.swift in Sources */,
				3320231F2770D35F0031BAC8 /* TwoCounters.swift in Sources */,
				3318025A277081AD00F6F58D /* RootView.swift in Sources */,
				33B93D8B2773385D0039FA9E /* Core.swift in Sources */,
				331802702770826F00F6F58D /* Custom.swift in Sources */,
				33180258277081AD00F6F58D /* SampleAppOfTCAApp.swift in Sources */,
				33B93D882771DE7E0039FA9E /* OptionalState.swift in Sources */,
			);
			runOnlyForDeploymentPostprocessing = 0;
		};
		33180239277081AD00F6F58D /* Sources */ = {
			isa = PBXSourcesBuildPhase;
			buildActionMask = 2147483647;
			files = (
				331802742770A4E100F6F58D /* Counter.swift in Sources */,
				332023202770D35F0031BAC8 /* TwoCounters.swift in Sources */,
				3318025B277081AD00F6F58D /* RootView.swift in Sources */,
				33B93D8C2773385D0039FA9E /* Core.swift in Sources */,
				331802712770826F00F6F58D /* Custom.swift in Sources */,
				33180259277081AD00F6F58D /* SampleAppOfTCAApp.swift in Sources */,
				33B93D892771DE7E0039FA9E /* OptionalState.swift in Sources */,
			);
			runOnlyForDeploymentPostprocessing = 0;
		};
		33180240277081AD00F6F58D /* Sources */ = {
			isa = PBXSourcesBuildPhase;
			buildActionMask = 2147483647;
			files = (
				3318024B277081AD00F6F58D /* Tests_iOSLaunchTests.swift in Sources */,
				33180249277081AD00F6F58D /* Tests_iOS.swift in Sources */,
			);
			runOnlyForDeploymentPostprocessing = 0;
		};
		3318024C277081AD00F6F58D /* Sources */ = {
			isa = PBXSourcesBuildPhase;
			buildActionMask = 2147483647;
			files = (
				33180257277081AD00F6F58D /* Tests_macOSLaunchTests.swift in Sources */,
				33180255277081AD00F6F58D /* Tests_macOS.swift in Sources */,
			);
			runOnlyForDeploymentPostprocessing = 0;
		};
/* End PBXSourcesBuildPhase section */

/* Begin PBXTargetDependency section */
		33180246277081AD00F6F58D /* PBXTargetDependency */ = {
			isa = PBXTargetDependency;
			target = 33180236277081AD00F6F58D /* SampleAppOfTCA (iOS) */;
			targetProxy = 33180245277081AD00F6F58D /* PBXContainerItemProxy */;
		};
		33180252277081AD00F6F58D /* PBXTargetDependency */ = {
			isa = PBXTargetDependency;
			target = 3318023C277081AD00F6F58D /* SampleAppOfTCA (macOS) */;
			targetProxy = 33180251277081AD00F6F58D /* PBXContainerItemProxy */;
		};
/* End PBXTargetDependency section */

/* Begin XCBuildConfiguration section */
		3318025E277081AD00F6F58D /* Debug */ = {
			isa = XCBuildConfiguration;
			buildSettings = {
				ALWAYS_SEARCH_USER_PATHS = NO;
				CLANG_ANALYZER_NONNULL = YES;
				CLANG_ANALYZER_NUMBER_OBJECT_CONVERSION = YES_AGGRESSIVE;
				CLANG_CXX_LANGUAGE_STANDARD = "gnu++17";
				CLANG_CXX_LIBRARY = "libc++";
				CLANG_ENABLE_MODULES = YES;
				CLANG_ENABLE_OBJC_ARC = YES;
				CLANG_ENABLE_OBJC_WEAK = YES;
				CLANG_WARN_BLOCK_CAPTURE_AUTORELEASING = YES;
				CLANG_WARN_BOOL_CONVERSION = YES;
				CLANG_WARN_COMMA = YES;
				CLANG_WARN_CONSTANT_CONVERSION = YES;
				CLANG_WARN_DEPRECATED_OBJC_IMPLEMENTATIONS = YES;
				CLANG_WARN_DIRECT_OBJC_ISA_USAGE = YES_ERROR;
				CLANG_WARN_DOCUMENTATION_COMMENTS = YES;
				CLANG_WARN_EMPTY_BODY = YES;
				CLANG_WARN_ENUM_CONVERSION = YES;
				CLANG_WARN_INFINITE_RECURSION = YES;
				CLANG_WARN_INT_CONVERSION = YES;
				CLANG_WARN_NON_LITERAL_NULL_CONVERSION = YES;
				CLANG_WARN_OBJC_IMPLICIT_RETAIN_SELF = YES;
				CLANG_WARN_OBJC_LITERAL_CONVERSION = YES;
				CLANG_WARN_OBJC_ROOT_CLASS = YES_ERROR;
				CLANG_WARN_QUOTED_INCLUDE_IN_FRAMEWORK_HEADER = YES;
				CLANG_WARN_RANGE_LOOP_ANALYSIS = YES;
				CLANG_WARN_STRICT_PROTOTYPES = YES;
				CLANG_WARN_SUSPICIOUS_MOVE = YES;
				CLANG_WARN_UNGUARDED_AVAILABILITY = YES_AGGRESSIVE;
				CLANG_WARN_UNREACHABLE_CODE = YES;
				CLANG_WARN__DUPLICATE_METHOD_MATCH = YES;
				COPY_PHASE_STRIP = NO;
				DEBUG_INFORMATION_FORMAT = dwarf;
				ENABLE_STRICT_OBJC_MSGSEND = YES;
				ENABLE_TESTABILITY = YES;
				GCC_C_LANGUAGE_STANDARD = gnu11;
				GCC_DYNAMIC_NO_PIC = NO;
				GCC_NO_COMMON_BLOCKS = YES;
				GCC_OPTIMIZATION_LEVEL = 0;
				GCC_PREPROCESSOR_DEFINITIONS = (
					"DEBUG=1",
					"$(inherited)",
				);
				GCC_WARN_64_TO_32_BIT_CONVERSION = YES;
				GCC_WARN_ABOUT_RETURN_TYPE = YES_ERROR;
				GCC_WARN_UNDECLARED_SELECTOR = YES;
				GCC_WARN_UNINITIALIZED_AUTOS = YES_AGGRESSIVE;
				GCC_WARN_UNUSED_FUNCTION = YES;
				GCC_WARN_UNUSED_VARIABLE = YES;
				MTL_ENABLE_DEBUG_INFO = INCLUDE_SOURCE;
				MTL_FAST_MATH = YES;
				ONLY_ACTIVE_ARCH = YES;
				SWIFT_ACTIVE_COMPILATION_CONDITIONS = DEBUG;
				SWIFT_OPTIMIZATION_LEVEL = "-Onone";
			};
			name = Debug;
		};
		3318025F277081AD00F6F58D /* Release */ = {
			isa = XCBuildConfiguration;
			buildSettings = {
				ALWAYS_SEARCH_USER_PATHS = NO;
				CLANG_ANALYZER_NONNULL = YES;
				CLANG_ANALYZER_NUMBER_OBJECT_CONVERSION = YES_AGGRESSIVE;
				CLANG_CXX_LANGUAGE_STANDARD = "gnu++17";
				CLANG_CXX_LIBRARY = "libc++";
				CLANG_ENABLE_MODULES = YES;
				CLANG_ENABLE_OBJC_ARC = YES;
				CLANG_ENABLE_OBJC_WEAK = YES;
				CLANG_WARN_BLOCK_CAPTURE_AUTORELEASING = YES;
				CLANG_WARN_BOOL_CONVERSION = YES;
				CLANG_WARN_COMMA = YES;
				CLANG_WARN_CONSTANT_CONVERSION = YES;
				CLANG_WARN_DEPRECATED_OBJC_IMPLEMENTATIONS = YES;
				CLANG_WARN_DIRECT_OBJC_ISA_USAGE = YES_ERROR;
				CLANG_WARN_DOCUMENTATION_COMMENTS = YES;
				CLANG_WARN_EMPTY_BODY = YES;
				CLANG_WARN_ENUM_CONVERSION = YES;
				CLANG_WARN_INFINITE_RECURSION = YES;
				CLANG_WARN_INT_CONVERSION = YES;
				CLANG_WARN_NON_LITERAL_NULL_CONVERSION = YES;
				CLANG_WARN_OBJC_IMPLICIT_RETAIN_SELF = YES;
				CLANG_WARN_OBJC_LITERAL_CONVERSION = YES;
				CLANG_WARN_OBJC_ROOT_CLASS = YES_ERROR;
				CLANG_WARN_QUOTED_INCLUDE_IN_FRAMEWORK_HEADER = YES;
				CLANG_WARN_RANGE_LOOP_ANALYSIS = YES;
				CLANG_WARN_STRICT_PROTOTYPES = YES;
				CLANG_WARN_SUSPICIOUS_MOVE = YES;
				CLANG_WARN_UNGUARDED_AVAILABILITY = YES_AGGRESSIVE;
				CLANG_WARN_UNREACHABLE_CODE = YES;
				CLANG_WARN__DUPLICATE_METHOD_MATCH = YES;
				COPY_PHASE_STRIP = NO;
				DEBUG_INFORMATION_FORMAT = "dwarf-with-dsym";
				ENABLE_NS_ASSERTIONS = NO;
				ENABLE_STRICT_OBJC_MSGSEND = YES;
				GCC_C_LANGUAGE_STANDARD = gnu11;
				GCC_NO_COMMON_BLOCKS = YES;
				GCC_WARN_64_TO_32_BIT_CONVERSION = YES;
				GCC_WARN_ABOUT_RETURN_TYPE = YES_ERROR;
				GCC_WARN_UNDECLARED_SELECTOR = YES;
				GCC_WARN_UNINITIALIZED_AUTOS = YES_AGGRESSIVE;
				GCC_WARN_UNUSED_FUNCTION = YES;
				GCC_WARN_UNUSED_VARIABLE = YES;
				MTL_ENABLE_DEBUG_INFO = NO;
				MTL_FAST_MATH = YES;
				SWIFT_COMPILATION_MODE = wholemodule;
				SWIFT_OPTIMIZATION_LEVEL = "-O";
			};
			name = Release;
		};
		33180261277081AD00F6F58D /* Debug */ = {
			isa = XCBuildConfiguration;
			buildSettings = {
				ASSETCATALOG_COMPILER_APPICON_NAME = AppIcon;
				ASSETCATALOG_COMPILER_GLOBAL_ACCENT_COLOR_NAME = AccentColor;
				CODE_SIGN_STYLE = Automatic;
				CURRENT_PROJECT_VERSION = 1;
				DEVELOPMENT_TEAM = 826UFXVDY8;
				ENABLE_PREVIEWS = YES;
				GENERATE_INFOPLIST_FILE = YES;
				INFOPLIST_KEY_UIApplicationSceneManifest_Generation = YES;
				INFOPLIST_KEY_UIApplicationSupportsIndirectInputEvents = YES;
				INFOPLIST_KEY_UILaunchScreen_Generation = YES;
				INFOPLIST_KEY_UISupportedInterfaceOrientations_iPad = "UIInterfaceOrientationPortrait UIInterfaceOrientationPortraitUpsideDown UIInterfaceOrientationLandscapeLeft UIInterfaceOrientationLandscapeRight";
				INFOPLIST_KEY_UISupportedInterfaceOrientations_iPhone = "UIInterfaceOrientationPortrait UIInterfaceOrientationLandscapeLeft UIInterfaceOrientationLandscapeRight";
				IPHONEOS_DEPLOYMENT_TARGET = 15.0;
				LD_RUNPATH_SEARCH_PATHS = (
					"$(inherited)",
					"@executable_path/Frameworks",
				);
				MARKETING_VERSION = 1.0;
				PRODUCT_BUNDLE_IDENTIFIER = yosuke.SampleAppOfTCA;
				PRODUCT_NAME = SampleAppOfTCA;
				SDKROOT = iphoneos;
				SWIFT_EMIT_LOC_STRINGS = YES;
				SWIFT_VERSION = 5.0;
				TARGETED_DEVICE_FAMILY = "1,2";
			};
			name = Debug;
		};
		33180262277081AD00F6F58D /* Release */ = {
			isa = XCBuildConfiguration;
			buildSettings = {
				ASSETCATALOG_COMPILER_APPICON_NAME = AppIcon;
				ASSETCATALOG_COMPILER_GLOBAL_ACCENT_COLOR_NAME = AccentColor;
				CODE_SIGN_STYLE = Automatic;
				CURRENT_PROJECT_VERSION = 1;
				DEVELOPMENT_TEAM = 826UFXVDY8;
				ENABLE_PREVIEWS = YES;
				GENERATE_INFOPLIST_FILE = YES;
				INFOPLIST_KEY_UIApplicationSceneManifest_Generation = YES;
				INFOPLIST_KEY_UIApplicationSupportsIndirectInputEvents = YES;
				INFOPLIST_KEY_UILaunchScreen_Generation = YES;
				INFOPLIST_KEY_UISupportedInterfaceOrientations_iPad = "UIInterfaceOrientationPortrait UIInterfaceOrientationPortraitUpsideDown UIInterfaceOrientationLandscapeLeft UIInterfaceOrientationLandscapeRight";
				INFOPLIST_KEY_UISupportedInterfaceOrientations_iPhone = "UIInterfaceOrientationPortrait UIInterfaceOrientationLandscapeLeft UIInterfaceOrientationLandscapeRight";
				IPHONEOS_DEPLOYMENT_TARGET = 15.0;
				LD_RUNPATH_SEARCH_PATHS = (
					"$(inherited)",
					"@executable_path/Frameworks",
				);
				MARKETING_VERSION = 1.0;
				PRODUCT_BUNDLE_IDENTIFIER = yosuke.SampleAppOfTCA;
				PRODUCT_NAME = SampleAppOfTCA;
				SDKROOT = iphoneos;
				SWIFT_EMIT_LOC_STRINGS = YES;
				SWIFT_VERSION = 5.0;
				TARGETED_DEVICE_FAMILY = "1,2";
				VALIDATE_PRODUCT = YES;
			};
			name = Release;
		};
		33180264277081AD00F6F58D /* Debug */ = {
			isa = XCBuildConfiguration;
			buildSettings = {
				ASSETCATALOG_COMPILER_APPICON_NAME = AppIcon;
				ASSETCATALOG_COMPILER_GLOBAL_ACCENT_COLOR_NAME = AccentColor;
				CODE_SIGN_ENTITLEMENTS = macOS/macOS.entitlements;
				CODE_SIGN_STYLE = Automatic;
				COMBINE_HIDPI_IMAGES = YES;
				CURRENT_PROJECT_VERSION = 1;
				DEVELOPMENT_TEAM = 826UFXVDY8;
				ENABLE_HARDENED_RUNTIME = YES;
				ENABLE_PREVIEWS = YES;
				GENERATE_INFOPLIST_FILE = YES;
				INFOPLIST_KEY_NSHumanReadableCopyright = "";
				LD_RUNPATH_SEARCH_PATHS = (
					"$(inherited)",
					"@executable_path/../Frameworks",
				);
				MACOSX_DEPLOYMENT_TARGET = 12.0;
				MARKETING_VERSION = 1.0;
				PRODUCT_BUNDLE_IDENTIFIER = yosuke.SampleAppOfTCA;
				PRODUCT_NAME = SampleAppOfTCA;
				SDKROOT = macosx;
				SWIFT_EMIT_LOC_STRINGS = YES;
				SWIFT_VERSION = 5.0;
			};
			name = Debug;
		};
		33180265277081AD00F6F58D /* Release */ = {
			isa = XCBuildConfiguration;
			buildSettings = {
				ASSETCATALOG_COMPILER_APPICON_NAME = AppIcon;
				ASSETCATALOG_COMPILER_GLOBAL_ACCENT_COLOR_NAME = AccentColor;
				CODE_SIGN_ENTITLEMENTS = macOS/macOS.entitlements;
				CODE_SIGN_STYLE = Automatic;
				COMBINE_HIDPI_IMAGES = YES;
				CURRENT_PROJECT_VERSION = 1;
				DEVELOPMENT_TEAM = 826UFXVDY8;
				ENABLE_HARDENED_RUNTIME = YES;
				ENABLE_PREVIEWS = YES;
				GENERATE_INFOPLIST_FILE = YES;
				INFOPLIST_KEY_NSHumanReadableCopyright = "";
				LD_RUNPATH_SEARCH_PATHS = (
					"$(inherited)",
					"@executable_path/../Frameworks",
				);
				MACOSX_DEPLOYMENT_TARGET = 12.0;
				MARKETING_VERSION = 1.0;
				PRODUCT_BUNDLE_IDENTIFIER = yosuke.SampleAppOfTCA;
				PRODUCT_NAME = SampleAppOfTCA;
				SDKROOT = macosx;
				SWIFT_EMIT_LOC_STRINGS = YES;
				SWIFT_VERSION = 5.0;
			};
			name = Release;
		};
		33180267277081AD00F6F58D /* Debug */ = {
			isa = XCBuildConfiguration;
			buildSettings = {
				ALWAYS_EMBED_SWIFT_STANDARD_LIBRARIES = YES;
				CODE_SIGN_STYLE = Automatic;
				CURRENT_PROJECT_VERSION = 1;
				DEVELOPMENT_TEAM = 826UFXVDY8;
				GENERATE_INFOPLIST_FILE = YES;
				IPHONEOS_DEPLOYMENT_TARGET = 15.0;
				LD_RUNPATH_SEARCH_PATHS = (
					"$(inherited)",
					"@executable_path/Frameworks",
					"@loader_path/Frameworks",
				);
				MARKETING_VERSION = 1.0;
				PRODUCT_BUNDLE_IDENTIFIER = "yosuke.Tests-iOS";
				PRODUCT_NAME = "$(TARGET_NAME)";
				SDKROOT = iphoneos;
				SWIFT_EMIT_LOC_STRINGS = NO;
				SWIFT_VERSION = 5.0;
				TARGETED_DEVICE_FAMILY = "1,2";
				TEST_TARGET_NAME = "SampleAppOfTCA (iOS)";
			};
			name = Debug;
		};
		33180268277081AD00F6F58D /* Release */ = {
			isa = XCBuildConfiguration;
			buildSettings = {
				ALWAYS_EMBED_SWIFT_STANDARD_LIBRARIES = YES;
				CODE_SIGN_STYLE = Automatic;
				CURRENT_PROJECT_VERSION = 1;
				DEVELOPMENT_TEAM = 826UFXVDY8;
				GENERATE_INFOPLIST_FILE = YES;
				IPHONEOS_DEPLOYMENT_TARGET = 15.0;
				LD_RUNPATH_SEARCH_PATHS = (
					"$(inherited)",
					"@executable_path/Frameworks",
					"@loader_path/Frameworks",
				);
				MARKETING_VERSION = 1.0;
				PRODUCT_BUNDLE_IDENTIFIER = "yosuke.Tests-iOS";
				PRODUCT_NAME = "$(TARGET_NAME)";
				SDKROOT = iphoneos;
				SWIFT_EMIT_LOC_STRINGS = NO;
				SWIFT_VERSION = 5.0;
				TARGETED_DEVICE_FAMILY = "1,2";
				TEST_TARGET_NAME = "SampleAppOfTCA (iOS)";
				VALIDATE_PRODUCT = YES;
			};
			name = Release;
		};
		3318026A277081AD00F6F58D /* Debug */ = {
			isa = XCBuildConfiguration;
			buildSettings = {
				ALWAYS_EMBED_SWIFT_STANDARD_LIBRARIES = YES;
				CODE_SIGN_STYLE = Automatic;
				COMBINE_HIDPI_IMAGES = YES;
				CURRENT_PROJECT_VERSION = 1;
				DEVELOPMENT_TEAM = 826UFXVDY8;
				GENERATE_INFOPLIST_FILE = YES;
				LD_RUNPATH_SEARCH_PATHS = (
					"$(inherited)",
					"@executable_path/../Frameworks",
					"@loader_path/../Frameworks",
				);
				MACOSX_DEPLOYMENT_TARGET = 12.0;
				MARKETING_VERSION = 1.0;
				PRODUCT_BUNDLE_IDENTIFIER = "yosuke.Tests-macOS";
				PRODUCT_NAME = "$(TARGET_NAME)";
				SDKROOT = macosx;
				SWIFT_EMIT_LOC_STRINGS = NO;
				SWIFT_VERSION = 5.0;
				TEST_TARGET_NAME = "SampleAppOfTCA (macOS)";
			};
			name = Debug;
		};
		3318026B277081AD00F6F58D /* Release */ = {
			isa = XCBuildConfiguration;
			buildSettings = {
				ALWAYS_EMBED_SWIFT_STANDARD_LIBRARIES = YES;
				CODE_SIGN_STYLE = Automatic;
				COMBINE_HIDPI_IMAGES = YES;
				CURRENT_PROJECT_VERSION = 1;
				DEVELOPMENT_TEAM = 826UFXVDY8;
				GENERATE_INFOPLIST_FILE = YES;
				LD_RUNPATH_SEARCH_PATHS = (
					"$(inherited)",
					"@executable_path/../Frameworks",
					"@loader_path/../Frameworks",
				);
				MACOSX_DEPLOYMENT_TARGET = 12.0;
				MARKETING_VERSION = 1.0;
				PRODUCT_BUNDLE_IDENTIFIER = "yosuke.Tests-macOS";
				PRODUCT_NAME = "$(TARGET_NAME)";
				SDKROOT = macosx;
				SWIFT_EMIT_LOC_STRINGS = NO;
				SWIFT_VERSION = 5.0;
				TEST_TARGET_NAME = "SampleAppOfTCA (macOS)";
			};
			name = Release;
		};
/* End XCBuildConfiguration section */

/* Begin XCConfigurationList section */
		3318022E277081AC00F6F58D /* Build configuration list for PBXProject "SampleAppOfTCA" */ = {
			isa = XCConfigurationList;
			buildConfigurations = (
				3318025E277081AD00F6F58D /* Debug */,
				3318025F277081AD00F6F58D /* Release */,
			);
			defaultConfigurationIsVisible = 0;
			defaultConfigurationName = Release;
		};
		33180260277081AD00F6F58D /* Build configuration list for PBXNativeTarget "SampleAppOfTCA (iOS)" */ = {
			isa = XCConfigurationList;
			buildConfigurations = (
				33180261277081AD00F6F58D /* Debug */,
				33180262277081AD00F6F58D /* Release */,
			);
			defaultConfigurationIsVisible = 0;
			defaultConfigurationName = Release;
		};
		33180263277081AD00F6F58D /* Build configuration list for PBXNativeTarget "SampleAppOfTCA (macOS)" */ = {
			isa = XCConfigurationList;
			buildConfigurations = (
				33180264277081AD00F6F58D /* Debug */,
				33180265277081AD00F6F58D /* Release */,
			);
			defaultConfigurationIsVisible = 0;
			defaultConfigurationName = Release;
		};
		33180266277081AD00F6F58D /* Build configuration list for PBXNativeTarget "Tests iOS" */ = {
			isa = XCConfigurationList;
			buildConfigurations = (
				33180267277081AD00F6F58D /* Debug */,
				33180268277081AD00F6F58D /* Release */,
			);
			defaultConfigurationIsVisible = 0;
			defaultConfigurationName = Release;
		};
		33180269277081AD00F6F58D /* Build configuration list for PBXNativeTarget "Tests macOS" */ = {
			isa = XCConfigurationList;
			buildConfigurations = (
				3318026A277081AD00F6F58D /* Debug */,
				3318026B277081AD00F6F58D /* Release */,
			);
			defaultConfigurationIsVisible = 0;
			defaultConfigurationName = Release;
		};
/* End XCConfigurationList section */

/* Begin XCRemoteSwiftPackageReference section */
		3318026C2770825A00F6F58D /* XCRemoteSwiftPackageReference "swift-composable-architecture" */ = {
			isa = XCRemoteSwiftPackageReference;
			repositoryURL = "https://github.com/pointfreeco/swift-composable-architecture";
			requirement = {
				kind = upToNextMajorVersion;
				minimumVersion = 0.9.0;
			};
		};
/* End XCRemoteSwiftPackageReference section */

/* Begin XCSwiftPackageProductDependency section */
		3318026D2770825A00F6F58D /* ComposableArchitecture */ = {
			isa = XCSwiftPackageProductDependency;
			package = 3318026C2770825A00F6F58D /* XCRemoteSwiftPackageReference "swift-composable-architecture" */;
			productName = ComposableArchitecture;
		};
/* End XCSwiftPackageProductDependency section */
	};
	rootObject = 3318022B277081AC00F6F58D /* Project object */;
}
